// !$*UTF8*$!
{
	archiveVersion = 1;
	classes = {
	};
	objectVersion = 46;
	objects = {

/* Begin PBXBuildFile section */
		303EA45515F5202B00FA872A /* Default-Landscape~ipad.png in Resources */ = {isa = PBXBuildFile; fileRef = 303EA45415F5202B00FA872A /* Default-Landscape~ipad.png */; };
		303EA45715F5202F00FA872A /* Default-Portrait~ipad.png in Resources */ = {isa = PBXBuildFile; fileRef = 303EA45615F5202F00FA872A /* Default-Portrait~ipad.png */; };
		303EA45915F5204300FA872A /* Default-Portrait@2x~ipad.png in Resources */ = {isa = PBXBuildFile; fileRef = 303EA45815F5204300FA872A /* Default-Portrait@2x~ipad.png */; };
		303EA45B15F5207A00FA872A /* Default-Landscape@2x~ipad.png in Resources */ = {isa = PBXBuildFile; fileRef = 303EA45A15F5207A00FA872A /* Default-Landscape@2x~ipad.png */; };
		30839BEF15F52CCD00434970 /* logo_iPad@2x.png in Resources */ = {isa = PBXBuildFile; fileRef = 30839BED15F52CCD00434970 /* logo_iPad@2x.png */; };
		30839BF015F52CCD00434970 /* logo_iPad.png in Resources */ = {isa = PBXBuildFile; fileRef = 30839BEE15F52CCD00434970 /* logo_iPad.png */; };
		30839BF615F52F5500434970 /* sample.plist in Resources */ = {isa = PBXBuildFile; fileRef = 30839BF515F52F5500434970 /* sample.plist */; };
		30839C0C15F5347300434970 /* FLImageView.m in Sources */ = {isa = PBXBuildFile; fileRef = 30839C0915F5347200434970 /* FLImageView.m */; };
		30839C0D15F5347300434970 /* FullyLoaded.m in Sources */ = {isa = PBXBuildFile; fileRef = 30839C0B15F5347200434970 /* FullyLoaded.m */; };
		308B4B9215E5867B0062D3AA /* UIKit.framework in Frameworks */ = {isa = PBXBuildFile; fileRef = 308B4B9115E5867B0062D3AA /* UIKit.framework */; };
		308B4B9415E5867B0062D3AA /* Foundation.framework in Frameworks */ = {isa = PBXBuildFile; fileRef = 308B4B9315E5867B0062D3AA /* Foundation.framework */; };
		308B4B9615E5867B0062D3AA /* CoreGraphics.framework in Frameworks */ = {isa = PBXBuildFile; fileRef = 308B4B9515E5867B0062D3AA /* CoreGraphics.framework */; };
		308B4B9C15E5867B0062D3AA /* InfoPlist.strings in Resources */ = {isa = PBXBuildFile; fileRef = 308B4B9A15E5867B0062D3AA /* InfoPlist.strings */; };
		308B4B9E15E5867B0062D3AA /* main.m in Sources */ = {isa = PBXBuildFile; fileRef = 308B4B9D15E5867B0062D3AA /* main.m */; };
		308B4BA215E5867B0062D3AA /* AppDelegate.m in Sources */ = {isa = PBXBuildFile; fileRef = 308B4BA115E5867B0062D3AA /* AppDelegate.m */; };
		308B4BB315E5885E0062D3AA /* MainStoryboard.storyboard in Resources */ = {isa = PBXBuildFile; fileRef = 308B4BA915E5885E0062D3AA /* MainStoryboard.storyboard */; };
		308B4BB415E5885E0062D3AA /* Storyboard~iPhone.storyboard in Resources */ = {isa = PBXBuildFile; fileRef = 308B4BAA15E5885E0062D3AA /* Storyboard~iPhone.storyboard */; };
		308B4BB515E5885E0062D3AA /* ViewController.m in Sources */ = {isa = PBXBuildFile; fileRef = 308B4BAC15E5885E0062D3AA /* ViewController.m */; };
		308B4BB615E5885E0062D3AA /* downloadCell.m in Sources */ = {isa = PBXBuildFile; fileRef = 308B4BAE15E5885E0062D3AA /* downloadCell.m */; };
		308B4BC715E588E70062D3AA /* iPhone_download.png in Resources */ = {isa = PBXBuildFile; fileRef = 308B4BBB15E588E70062D3AA /* iPhone_download.png */; };
		308B4BC815E588E70062D3AA /* iPhone_download@2x.png in Resources */ = {isa = PBXBuildFile; fileRef = 308B4BBC15E588E70062D3AA /* iPhone_download@2x.png */; };
		308B4BC915E588E70062D3AA /* iPhone_reinstall.png in Resources */ = {isa = PBXBuildFile; fileRef = 308B4BBD15E588E70062D3AA /* iPhone_reinstall.png */; };
		308B4BCA15E588E70062D3AA /* iPhone_reinstall@2x.png in Resources */ = {isa = PBXBuildFile; fileRef = 308B4BBE15E588E70062D3AA /* iPhone_reinstall@2x.png */; };
		308B4BCB15E588E70062D3AA /* iPhone_update.png in Resources */ = {isa = PBXBuildFile; fileRef = 308B4BBF15E588E70062D3AA /* iPhone_update.png */; };
		308B4BCC15E588E70062D3AA /* iPhone_update@2x.png in Resources */ = {isa = PBXBuildFile; fileRef = 308B4BC015E588E70062D3AA /* iPhone_update@2x.png */; };
		308B4BCD15E588E70062D3AA /* download.png in Resources */ = {isa = PBXBuildFile; fileRef = 308B4BC115E588E70062D3AA /* download.png */; };
		308B4BCE15E588E70062D3AA /* download@2x.png in Resources */ = {isa = PBXBuildFile; fileRef = 308B4BC215E588E70062D3AA /* download@2x.png */; };
		308B4BCF15E588E70062D3AA /* reinstall.png in Resources */ = {isa = PBXBuildFile; fileRef = 308B4BC315E588E70062D3AA /* reinstall.png */; };
		308B4BD015E588E70062D3AA /* reinstall@2x.png in Resources */ = {isa = PBXBuildFile; fileRef = 308B4BC415E588E70062D3AA /* reinstall@2x.png */; };
		308B4BD115E588E70062D3AA /* update.png in Resources */ = {isa = PBXBuildFile; fileRef = 308B4BC515E588E70062D3AA /* update.png */; };
		308B4BD215E588E70062D3AA /* update@2x.png in Resources */ = {isa = PBXBuildFile; fileRef = 308B4BC615E588E70062D3AA /* update@2x.png */; };
/* End PBXBuildFile section */

/* Begin PBXFileReference section */
		303EA45415F5202B00FA872A /* Default-Landscape~ipad.png */ = {isa = PBXFileReference; lastKnownFileType = image.png; name = "Default-Landscape~ipad.png"; path = "../Default-Landscape~ipad.png"; sourceTree = "<group>"; };
		303EA45615F5202F00FA872A /* Default-Portrait~ipad.png */ = {isa = PBXFileReference; lastKnownFileType = image.png; name = "Default-Portrait~ipad.png"; path = "../Default-Portrait~ipad.png"; sourceTree = "<group>"; };
		303EA45815F5204300FA872A /* Default-Portrait@2x~ipad.png */ = {isa = PBXFileReference; lastKnownFileType = image.png; name = "Default-Portrait@2x~ipad.png"; path = "../Default-Portrait@2x~ipad.png"; sourceTree = "<group>"; };
		303EA45A15F5207A00FA872A /* Default-Landscape@2x~ipad.png */ = {isa = PBXFileReference; lastKnownFileType = image.png; name = "Default-Landscape@2x~ipad.png"; path = "../Default-Landscape@2x~ipad.png"; sourceTree = "<group>"; };
		30839BED15F52CCD00434970 /* logo_iPad@2x.png */ = {isa = PBXFileReference; lastKnownFileType = image.png; path = "logo_iPad@2x.png"; sourceTree = "<group>"; };
		30839BEE15F52CCD00434970 /* logo_iPad.png */ = {isa = PBXFileReference; lastKnownFileType = image.png; path = logo_iPad.png; sourceTree = "<group>"; };
		30839BF515F52F5500434970 /* sample.plist */ = {isa = PBXFileReference; fileEncoding = 4; lastKnownFileType = text.plist.xml; path = sample.plist; sourceTree = "<group>"; };
		30839BFB15F5304D00434970 /* Default.png */ = {isa = PBXFileReference; lastKnownFileType = image.png; path = Default.png; sourceTree = "<group>"; };
		30839BFD15F5305600434970 /* Default@2x.png */ = {isa = PBXFileReference; lastKnownFileType = image.png; path = "Default@2x.png"; sourceTree = "<group>"; };
		30839C0815F5347200434970 /* FLImageView.h */ = {isa = PBXFileReference; fileEncoding = 4; lastKnownFileType = sourcecode.c.h; path = FLImageView.h; sourceTree = "<group>"; };
		30839C0915F5347200434970 /* FLImageView.m */ = {isa = PBXFileReference; fileEncoding = 4; lastKnownFileType = sourcecode.c.objc; path = FLImageView.m; sourceTree = "<group>"; };
		30839C0A15F5347200434970 /* FullyLoaded.h */ = {isa = PBXFileReference; fileEncoding = 4; lastKnownFileType = sourcecode.c.h; path = FullyLoaded.h; sourceTree = "<group>"; };
		30839C0B15F5347200434970 /* FullyLoaded.m */ = {isa = PBXFileReference; fileEncoding = 4; lastKnownFileType = sourcecode.c.objc; path = FullyLoaded.m; sourceTree = "<group>"; };
		308B4B8D15E5867B0062D3AA /* In-HouseAppstore.app */ = {isa = PBXFileReference; explicitFileType = wrapper.application; includeInIndex = 0; path = "In-HouseAppstore.app"; sourceTree = BUILT_PRODUCTS_DIR; };
		308B4B9115E5867B0062D3AA /* UIKit.framework */ = {isa = PBXFileReference; lastKnownFileType = wrapper.framework; name = UIKit.framework; path = System/Library/Frameworks/UIKit.framework; sourceTree = SDKROOT; };
		308B4B9315E5867B0062D3AA /* Foundation.framework */ = {isa = PBXFileReference; lastKnownFileType = wrapper.framework; name = Foundation.framework; path = System/Library/Frameworks/Foundation.framework; sourceTree = SDKROOT; };
		308B4B9515E5867B0062D3AA /* CoreGraphics.framework */ = {isa = PBXFileReference; lastKnownFileType = wrapper.framework; name = CoreGraphics.framework; path = System/Library/Frameworks/CoreGraphics.framework; sourceTree = SDKROOT; };
		308B4B9915E5867B0062D3AA /* In-HouseAppstore-Info.plist */ = {isa = PBXFileReference; lastKnownFileType = text.plist.xml; path = "In-HouseAppstore-Info.plist"; sourceTree = "<group>"; };
		308B4B9B15E5867B0062D3AA /* en */ = {isa = PBXFileReference; lastKnownFileType = text.plist.strings; name = en; path = en.lproj/InfoPlist.strings; sourceTree = "<group>"; };
		308B4B9D15E5867B0062D3AA /* main.m */ = {isa = PBXFileReference; lastKnownFileType = sourcecode.c.objc; path = main.m; sourceTree = "<group>"; };
		308B4B9F15E5867B0062D3AA /* In-HouseAppstore-Prefix.pch */ = {isa = PBXFileReference; lastKnownFileType = sourcecode.c.h; path = "In-HouseAppstore-Prefix.pch"; sourceTree = "<group>"; };
		308B4BA015E5867B0062D3AA /* AppDelegate.h */ = {isa = PBXFileReference; lastKnownFileType = sourcecode.c.h; path = AppDelegate.h; sourceTree = "<group>"; };
		308B4BA115E5867B0062D3AA /* AppDelegate.m */ = {isa = PBXFileReference; lastKnownFileType = sourcecode.c.objc; path = AppDelegate.m; sourceTree = "<group>"; };
		308B4BA915E5885E0062D3AA /* MainStoryboard.storyboard */ = {isa = PBXFileReference; fileEncoding = 4; lastKnownFileType = file.storyboard; path = MainStoryboard.storyboard; sourceTree = "<group>"; };
		308B4BAA15E5885E0062D3AA /* Storyboard~iPhone.storyboard */ = {isa = PBXFileReference; fileEncoding = 4; lastKnownFileType = file.storyboard; path = "Storyboard~iPhone.storyboard"; sourceTree = "<group>"; };
		308B4BAB15E5885E0062D3AA /* ViewController.h */ = {isa = PBXFileReference; fileEncoding = 4; lastKnownFileType = sourcecode.c.h; path = ViewController.h; sourceTree = "<group>"; };
		308B4BAC15E5885E0062D3AA /* ViewController.m */ = {isa = PBXFileReference; fileEncoding = 4; lastKnownFileType = sourcecode.c.objc; path = ViewController.m; sourceTree = "<group>"; };
		308B4BAD15E5885E0062D3AA /* downloadCell.h */ = {isa = PBXFileReference; fileEncoding = 4; lastKnownFileType = sourcecode.c.h; path = downloadCell.h; sourceTree = "<group>"; };
		308B4BAE15E5885E0062D3AA /* downloadCell.m */ = {isa = PBXFileReference; fileEncoding = 4; lastKnownFileType = sourcecode.c.objc; path = downloadCell.m; sourceTree = "<group>"; };
		308B4BBB15E588E70062D3AA /* iPhone_download.png */ = {isa = PBXFileReference; lastKnownFileType = image.png; path = iPhone_download.png; sourceTree = "<group>"; };
		308B4BBC15E588E70062D3AA /* iPhone_download@2x.png */ = {isa = PBXFileReference; lastKnownFileType = image.png; path = "iPhone_download@2x.png"; sourceTree = "<group>"; };
		308B4BBD15E588E70062D3AA /* iPhone_reinstall.png */ = {isa = PBXFileReference; lastKnownFileType = image.png; path = iPhone_reinstall.png; sourceTree = "<group>"; };
		308B4BBE15E588E70062D3AA /* iPhone_reinstall@2x.png */ = {isa = PBXFileReference; lastKnownFileType = image.png; path = "iPhone_reinstall@2x.png"; sourceTree = "<group>"; };
		308B4BBF15E588E70062D3AA /* iPhone_update.png */ = {isa = PBXFileReference; lastKnownFileType = image.png; path = iPhone_update.png; sourceTree = "<group>"; };
		308B4BC015E588E70062D3AA /* iPhone_update@2x.png */ = {isa = PBXFileReference; lastKnownFileType = image.png; path = "iPhone_update@2x.png"; sourceTree = "<group>"; };
		308B4BC115E588E70062D3AA /* download.png */ = {isa = PBXFileReference; lastKnownFileType = image.png; path = download.png; sourceTree = "<group>"; };
		308B4BC215E588E70062D3AA /* download@2x.png */ = {isa = PBXFileReference; lastKnownFileType = image.png; path = "download@2x.png"; sourceTree = "<group>"; };
		308B4BC315E588E70062D3AA /* reinstall.png */ = {isa = PBXFileReference; lastKnownFileType = image.png; path = reinstall.png; sourceTree = "<group>"; };
		308B4BC415E588E70062D3AA /* reinstall@2x.png */ = {isa = PBXFileReference; lastKnownFileType = image.png; path = "reinstall@2x.png"; sourceTree = "<group>"; };
		308B4BC515E588E70062D3AA /* update.png */ = {isa = PBXFileReference; lastKnownFileType = image.png; path = update.png; sourceTree = "<group>"; };
		308B4BC615E588E70062D3AA /* update@2x.png */ = {isa = PBXFileReference; lastKnownFileType = image.png; path = "update@2x.png"; sourceTree = "<group>"; };
/* End PBXFileReference section */

/* Begin PBXFrameworksBuildPhase section */
		308B4B8A15E5867B0062D3AA /* Frameworks */ = {
			isa = PBXFrameworksBuildPhase;
			buildActionMask = 2147483647;
			files = (
				308B4B9215E5867B0062D3AA /* UIKit.framework in Frameworks */,
				308B4B9415E5867B0062D3AA /* Foundation.framework in Frameworks */,
				308B4B9615E5867B0062D3AA /* CoreGraphics.framework in Frameworks */,
			);
			runOnlyForDeploymentPostprocessing = 0;
		};
/* End PBXFrameworksBuildPhase section */

/* Begin PBXGroup section */
		303EA45215F51FE800FA872A /* Backgrounds */ = {
			isa = PBXGroup;
			children = (
				303EA45A15F5207A00FA872A /* Default-Landscape@2x~ipad.png */,
				303EA45415F5202B00FA872A /* Default-Landscape~ipad.png */,
				303EA45815F5204300FA872A /* Default-Portrait@2x~ipad.png */,
				303EA45615F5202F00FA872A /* Default-Portrait~ipad.png */,
			);
			name = Backgrounds;
			sourceTree = "<group>";
		};
		303EA45315F51FF500FA872A /* Buttons */ = {
			isa = PBXGroup;
			children = (
				308B4BC115E588E70062D3AA /* download.png */,
				308B4BC215E588E70062D3AA /* download@2x.png */,
				308B4BC315E588E70062D3AA /* reinstall.png */,
				308B4BC415E588E70062D3AA /* reinstall@2x.png */,
				308B4BC515E588E70062D3AA /* update.png */,
				308B4BC615E588E70062D3AA /* update@2x.png */,
			);
			name = Buttons;
			sourceTree = "<group>";
		};
		30839C0E15F5347700434970 /* fully-loaded */ = {
			isa = PBXGroup;
			children = (
				30839C0815F5347200434970 /* FLImageView.h */,
				30839C0915F5347200434970 /* FLImageView.m */,
				30839C0A15F5347200434970 /* FullyLoaded.h */,
				30839C0B15F5347200434970 /* FullyLoaded.m */,
			);
			name = "fully-loaded";
			sourceTree = "<group>";
		};
		308B4B8215E5867B0062D3AA = {
			isa = PBXGroup;
			children = (
				30839BFD15F5305600434970 /* Default@2x.png */,
				30839BFB15F5304D00434970 /* Default.png */,
				308B4B9715E5867B0062D3AA /* In-HouseAppstore */,
				308B4B9015E5867B0062D3AA /* Frameworks */,
				308B4B8E15E5867B0062D3AA /* Products */,
			);
			sourceTree = "<group>";
		};
		308B4B8E15E5867B0062D3AA /* Products */ = {
			isa = PBXGroup;
			children = (
				308B4B8D15E5867B0062D3AA /* In-HouseAppstore.app */,
			);
			name = Products;
			sourceTree = "<group>";
		};
		308B4B9015E5867B0062D3AA /* Frameworks */ = {
			isa = PBXGroup;
			children = (
				308B4B9115E5867B0062D3AA /* UIKit.framework */,
				308B4B9315E5867B0062D3AA /* Foundation.framework */,
				308B4B9515E5867B0062D3AA /* CoreGraphics.framework */,
			);
			name = Frameworks;
			sourceTree = "<group>";
		};
		308B4B9715E5867B0062D3AA /* In-HouseAppstore */ = {
			isa = PBXGroup;
			children = (
				308B4BA015E5867B0062D3AA /* AppDelegate.h */,
				308B4BA115E5867B0062D3AA /* AppDelegate.m */,
				308B4BA915E5885E0062D3AA /* MainStoryboard.storyboard */,
				308B4BAA15E5885E0062D3AA /* Storyboard~iPhone.storyboard */,
				308B4BAB15E5885E0062D3AA /* ViewController.h */,
				308B4BAC15E5885E0062D3AA /* ViewController.m */,
				30839BF515F52F5500434970 /* sample.plist */,
				308B4B9815E5867B0062D3AA /* Supporting Files */,
			);
			path = "In-HouseAppstore";
			sourceTree = "<group>";
		};
		308B4B9815E5867B0062D3AA /* Supporting Files */ = {
			isa = PBXGroup;
			children = (
				30839C0E15F5347700434970 /* fully-loaded */,
				308B4BD615E589160062D3AA /* Cells */,
				308B4BD315E588EE0062D3AA /* Graphics */,
				308B4B9915E5867B0062D3AA /* In-HouseAppstore-Info.plist */,
				308B4B9A15E5867B0062D3AA /* InfoPlist.strings */,
				308B4B9D15E5867B0062D3AA /* main.m */,
				308B4B9F15E5867B0062D3AA /* In-HouseAppstore-Prefix.pch */,
			);
			name = "Supporting Files";
			sourceTree = "<group>";
		};
		308B4BD315E588EE0062D3AA /* Graphics */ = {
			isa = PBXGroup;
			children = (
				308B4BD415E588FC0062D3AA /* iPhone */,
				308B4BD515E589060062D3AA /* iPad */,
			);
			name = Graphics;
			sourceTree = "<group>";
		};
		308B4BD415E588FC0062D3AA /* iPhone */ = {
			isa = PBXGroup;
			children = (
				308B4BBB15E588E70062D3AA /* iPhone_download.png */,
				308B4BBC15E588E70062D3AA /* iPhone_download@2x.png */,
				308B4BBD15E588E70062D3AA /* iPhone_reinstall.png */,
				308B4BBE15E588E70062D3AA /* iPhone_reinstall@2x.png */,
				308B4BBF15E588E70062D3AA /* iPhone_update.png */,
				308B4BC015E588E70062D3AA /* iPhone_update@2x.png */,
			);
			name = iPhone;
			sourceTree = "<group>";
		};
		308B4BD515E589060062D3AA /* iPad */ = {
			isa = PBXGroup;
			children = (
				30839BED15F52CCD00434970 /* logo_iPad@2x.png */,
				30839BEE15F52CCD00434970 /* logo_iPad.png */,
				303EA45215F51FE800FA872A /* Backgrounds */,
				303EA45315F51FF500FA872A /* Buttons */,
			);
			name = iPad;
			sourceTree = "<group>";
		};
		308B4BD615E589160062D3AA /* Cells */ = {
			isa = PBXGroup;
			children = (
				308B4BAD15E5885E0062D3AA /* downloadCell.h */,
				308B4BAE15E5885E0062D3AA /* downloadCell.m */,
			);
			name = Cells;
			sourceTree = "<group>";
		};
/* End PBXGroup section */

/* Begin PBXNativeTarget section */
		308B4B8C15E5867B0062D3AA /* In-HouseAppstore */ = {
			isa = PBXNativeTarget;
			buildConfigurationList = 308B4BA515E5867B0062D3AA /* Build configuration list for PBXNativeTarget "In-HouseAppstore" */;
			buildPhases = (
				308B4BD715E58E930062D3AA /* ShellScript */,
				308B4B8915E5867B0062D3AA /* Sources */,
				308B4B8A15E5867B0062D3AA /* Frameworks */,
				308B4B8B15E5867B0062D3AA /* Resources */,
			);
			buildRules = (
			);
			dependencies = (
			);
			name = "In-HouseAppstore";
			productName = "In-HouseAppstore";
			productReference = 308B4B8D15E5867B0062D3AA /* In-HouseAppstore.app */;
			productType = "com.apple.product-type.application";
		};
/* End PBXNativeTarget section */

/* Begin PBXProject section */
		308B4B8415E5867B0062D3AA /* Project object */ = {
			isa = PBXProject;
			attributes = {
				LastUpgradeCheck = 0440;
				ORGANIZATIONNAME = "SquareOne Apps";
			};
			buildConfigurationList = 308B4B8715E5867B0062D3AA /* Build configuration list for PBXProject "In-HouseAppstore" */;
			compatibilityVersion = "Xcode 3.2";
			developmentRegion = English;
			hasScannedForEncodings = 0;
			knownRegions = (
				en,
			);
			mainGroup = 308B4B8215E5867B0062D3AA;
			productRefGroup = 308B4B8E15E5867B0062D3AA /* Products */;
			projectDirPath = "";
			projectRoot = "";
			targets = (
				308B4B8C15E5867B0062D3AA /* In-HouseAppstore */,
			);
		};
/* End PBXProject section */

/* Begin PBXResourcesBuildPhase section */
		308B4B8B15E5867B0062D3AA /* Resources */ = {
			isa = PBXResourcesBuildPhase;
			buildActionMask = 2147483647;
			files = (
				308B4B9C15E5867B0062D3AA /* InfoPlist.strings in Resources */,
				308B4BB315E5885E0062D3AA /* MainStoryboard.storyboard in Resources */,
				308B4BB415E5885E0062D3AA /* Storyboard~iPhone.storyboard in Resources */,
				308B4BC715E588E70062D3AA /* iPhone_download.png in Resources */,
				308B4BC815E588E70062D3AA /* iPhone_download@2x.png in Resources */,
				308B4BC915E588E70062D3AA /* iPhone_reinstall.png in Resources */,
				308B4BCA15E588E70062D3AA /* iPhone_reinstall@2x.png in Resources */,
				308B4BCB15E588E70062D3AA /* iPhone_update.png in Resources */,
				308B4BCC15E588E70062D3AA /* iPhone_update@2x.png in Resources */,
				308B4BCD15E588E70062D3AA /* download.png in Resources */,
				308B4BCE15E588E70062D3AA /* download@2x.png in Resources */,
				308B4BCF15E588E70062D3AA /* reinstall.png in Resources */,
				308B4BD015E588E70062D3AA /* reinstall@2x.png in Resources */,
				308B4BD115E588E70062D3AA /* update.png in Resources */,
				308B4BD215E588E70062D3AA /* update@2x.png in Resources */,
				303EA45515F5202B00FA872A /* Default-Landscape~ipad.png in Resources */,
				303EA45715F5202F00FA872A /* Default-Portrait~ipad.png in Resources */,
				303EA45915F5204300FA872A /* Default-Portrait@2x~ipad.png in Resources */,
				303EA45B15F5207A00FA872A /* Default-Landscape@2x~ipad.png in Resources */,
				30839BEF15F52CCD00434970 /* logo_iPad@2x.png in Resources */,
				30839BF015F52CCD00434970 /* logo_iPad.png in Resources */,
				30839BF615F52F5500434970 /* sample.plist in Resources */,
			);
			runOnlyForDeploymentPostprocessing = 0;
		};
/* End PBXResourcesBuildPhase section */

/* Begin PBXShellScriptBuildPhase section */
		308B4BD715E58E930062D3AA /* ShellScript */ = {
			isa = PBXShellScriptBuildPhase;
			buildActionMask = 2147483647;
			files = (
			);
			inputPaths = (
			);
			outputPaths = (
			);
			runOnlyForDeploymentPostprocessing = 0;
			shellPath = /bin/sh;
			shellScript = "# Auto Increment Version Script\nbuildPlist=$INFOPLIST_FILE\necho $buildPlist\nCFSVString=$(/usr/libexec/PlistBuddy -c \"Print CFBundleShortVersionString\" \"$buildPlist\")\nCFBundleVersion=$(/usr/libexec/PlistBuddy -c \"Print CFBundleVersion\" \"$buildPlist\")\nBUILD_NR=${CFBundleVersion##*.}\n    BUILD_NR=$(($BUILD_NR + 1))\n    #echo $BUILD_NR\n    CFBundleVersion=$BUILD_NR\n    #echo $CFBundleVersion\n    /usr/libexec/PlistBuddy -c \"Set :CFBundleVersion $CFBundleVersion\" \"$buildPlist\"";
		};
/* End PBXShellScriptBuildPhase section */

/* Begin PBXSourcesBuildPhase section */
		308B4B8915E5867B0062D3AA /* Sources */ = {
			isa = PBXSourcesBuildPhase;
			buildActionMask = 2147483647;
			files = (
				308B4B9E15E5867B0062D3AA /* main.m in Sources */,
				308B4BA215E5867B0062D3AA /* AppDelegate.m in Sources */,
				308B4BB515E5885E0062D3AA /* ViewController.m in Sources */,
				308B4BB615E5885E0062D3AA /* downloadCell.m in Sources */,
				30839C0C15F5347300434970 /* FLImageView.m in Sources */,
				30839C0D15F5347300434970 /* FullyLoaded.m in Sources */,
			);
			runOnlyForDeploymentPostprocessing = 0;
		};
/* End PBXSourcesBuildPhase section */

/* Begin PBXVariantGroup section */
		308B4B9A15E5867B0062D3AA /* InfoPlist.strings */ = {
			isa = PBXVariantGroup;
			children = (
				308B4B9B15E5867B0062D3AA /* en */,
			);
			name = InfoPlist.strings;
			sourceTree = "<group>";
		};
/* End PBXVariantGroup section */

/* Begin XCBuildConfiguration section */
		308B4BA315E5867B0062D3AA /* Debug */ = {
			isa = XCBuildConfiguration;
			buildSettings = {
				ALWAYS_SEARCH_USER_PATHS = NO;
				ARCHS = "$(ARCHS_STANDARD_32_BIT)";
				CLANG_CXX_LANGUAGE_STANDARD = "gnu++0x";
				CLANG_ENABLE_OBJC_ARC = YES;
				CLANG_WARN__DUPLICATE_METHOD_MATCH = YES;
				"CODE_SIGN_IDENTITY[sdk=iphoneos*]" = "iPhone Developer";
				COPY_PHASE_STRIP = NO;
				GCC_C_LANGUAGE_STANDARD = gnu99;
				GCC_DYNAMIC_NO_PIC = NO;
				GCC_OPTIMIZATION_LEVEL = 0;
				GCC_PREPROCESSOR_DEFINITIONS = (
					"DEBUG=1",
					"$(inherited)",
				);
				GCC_SYMBOLS_PRIVATE_EXTERN = NO;
				GCC_VERSION = com.apple.compilers.llvm.clang.1_0;
				GCC_WARN_ABOUT_RETURN_TYPE = YES;
				GCC_WARN_UNINITIALIZED_AUTOS = YES;
				GCC_WARN_UNUSED_VARIABLE = YES;
				IPHONEOS_DEPLOYMENT_TARGET = 5.1;
				SDKROOT = iphoneos;
				TARGETED_DEVICE_FAMILY = "1,2";
			};
			name = Debug;
		};
		308B4BA415E5867B0062D3AA /* Release */ = {
			isa = XCBuildConfiguration;
			buildSettings = {
				ALWAYS_SEARCH_USER_PATHS = NO;
				ARCHS = "$(ARCHS_STANDARD_32_BIT)";
				CLANG_CXX_LANGUAGE_STANDARD = "gnu++0x";
				CLANG_ENABLE_OBJC_ARC = YES;
				CLANG_WARN__DUPLICATE_METHOD_MATCH = YES;
				"CODE_SIGN_IDENTITY[sdk=iphoneos*]" = "iPhone Developer";
				COPY_PHASE_STRIP = YES;
				GCC_C_LANGUAGE_STANDARD = gnu99;
				GCC_VERSION = com.apple.compilers.llvm.clang.1_0;
				GCC_WARN_ABOUT_RETURN_TYPE = YES;
				GCC_WARN_UNINITIALIZED_AUTOS = YES;
				GCC_WARN_UNUSED_VARIABLE = YES;
				IPHONEOS_DEPLOYMENT_TARGET = 5.1;
				OTHER_CFLAGS = "-DNS_BLOCK_ASSERTIONS=1";
				SDKROOT = iphoneos;
				TARGETED_DEVICE_FAMILY = "1,2";
				VALIDATE_PRODUCT = YES;
			};
			name = Release;
		};
		308B4BA615E5867B0062D3AA /* Debug */ = {
			isa = XCBuildConfiguration;
			buildSettings = {
				GCC_PRECOMPILE_PREFIX_HEADER = YES;
				GCC_PREFIX_HEADER = "In-HouseAppstore/In-HouseAppstore-Prefix.pch";
				INFOPLIST_FILE = "In-HouseAppstore/In-HouseAppstore-Info.plist";
				PRODUCT_NAME = "$(TARGET_NAME)";
				WRAPPER_EXTENSION = app;
			};
			name = Debug;
		};
		308B4BA715E5867B0062D3AA /* Release */ = {
			isa = XCBuildConfiguration;
			buildSettings = {
				GCC_PRECOMPILE_PREFIX_HEADER = YES;
				GCC_PREFIX_HEADER = "In-HouseAppstore/In-HouseAppstore-Prefix.pch";
				INFOPLIST_FILE = "In-HouseAppstore/In-HouseAppstore-Info.plist";
				PRODUCT_NAME = "$(TARGET_NAME)";
				WRAPPER_EXTENSION = app;
			};
			name = Release;
		};
/* End XCBuildConfiguration section */

/* Begin XCConfigurationList section */
		308B4B8715E5867B0062D3AA /* Build configuration list for PBXProject "In-HouseAppstore" */ = {
			isa = XCConfigurationList;
			buildConfigurations = (
				308B4BA315E5867B0062D3AA /* Debug */,
				308B4BA415E5867B0062D3AA /* Release */,
			);
			defaultConfigurationIsVisible = 0;
			defaultConfigurationName = Release;
		};
		308B4BA515E5867B0062D3AA /* Build configuration list for PBXNativeTarget "In-HouseAppstore" */ = {
			isa = XCConfigurationList;
			buildConfigurations = (
				308B4BA615E5867B0062D3AA /* Debug */,
				308B4BA715E5867B0062D3AA /* Release */,
			);
			defaultConfigurationIsVisible = 0;
			defaultConfigurationName = Release;
		};
/* End XCConfigurationList section */
	};
	rootObject = 308B4B8415E5867B0062D3AA /* Project object */;
}
